{
  "version": 4,
  "terraform_version": "1.13.4",
  "serial": 115,
  "lineage": "a8281418-1ae1-052d-f7e2-d9d5c4f67f88",
  "outputs": {
    "n8n_elastic_ip": {
      "value": "54.69.103.190",
      "type": "string"
    },
    "ssh_connect_command": {
      "value": "ssh -i n8n_boost.pem ubuntu@54.69.103.190",
      "type": "string"
    }
  },
  "resources": [
    {
      "mode": "data",
      "type": "aws_ami",
      "name": "ubuntu",
      "provider": "provider[\"registry.terraform.io/hashicorp/aws\"]",
      "instances": [
        {
          "schema_version": 0,
          "attributes": {
            "allow_unsafe_filter": null,
            "architecture": "x86_64",
            "arn": "arn:aws:ec2:us-west-2::image/ami-03c1f788292172a4e",
            "block_device_mappings": [
              {
                "device_name": "/dev/sda1",
                "ebs": {
                  "delete_on_termination": "true",
                  "encrypted": "false",
                  "iops": "0",
                  "snapshot_id": "snap-04e199b0d3d050c96",
                  "throughput": "0",
                  "volume_initialization_rate": "0",
                  "volume_size": "8",
                  "volume_type": "gp2"
                },
                "no_device": "",
                "virtual_name": ""
              },
              {
                "device_name": "/dev/sdb",
                "ebs": {},
                "no_device": "",
                "virtual_name": "ephemeral0"
              },
              {
                "device_name": "/dev/sdc",
                "ebs": {},
                "no_device": "",
                "virtual_name": "ephemeral1"
              }
            ],
            "boot_mode": "uefi-preferred",
            "creation_date": "2025-10-15T08:05:26.000Z",
            "deprecation_time": "2027-10-15T08:05:26.000Z",
            "description": "Canonical, Ubuntu, 22.04, amd64 jammy image",
            "ena_support": true,
            "executable_users": null,
            "filter": [
              {
                "name": "architecture",
                "values": [
                  "x86_64"
                ]
              },
              {
                "name": "name",
                "values": [
                  "ubuntu/images/hvm-ssd/ubuntu-jammy-22.04-amd64-server-*"
                ]
              },
              {
                "name": "virtualization-type",
                "values": [
                  "hvm"
                ]
              }
            ],
            "hypervisor": "xen",
            "id": "ami-03c1f788292172a4e",
            "image_id": "ami-03c1f788292172a4e",
            "image_location": "amazon/ubuntu/images/hvm-ssd/ubuntu-jammy-22.04-amd64-server-20251015",
            "image_owner_alias": "amazon",
            "image_type": "machine",
            "imds_support": "",
            "include_deprecated": false,
            "kernel_id": "",
            "last_launched_time": "",
            "most_recent": true,
            "name": "ubuntu/images/hvm-ssd/ubuntu-jammy-22.04-amd64-server-20251015",
            "name_regex": null,
            "owner_id": "099720109477",
            "owners": [
              "099720109477"
            ],
            "platform": "",
            "platform_details": "Linux/UNIX",
            "product_codes": [],
            "public": true,
            "ramdisk_id": "",
            "region": "us-west-2",
            "root_device_name": "/dev/sda1",
            "root_device_type": "ebs",
            "root_snapshot_id": "snap-04e199b0d3d050c96",
            "sriov_net_support": "simple",
            "state": "available",
            "state_reason": {
              "code": "UNSET",
              "message": "UNSET"
            },
            "tags": {},
            "timeouts": null,
            "tpm_support": "",
            "uefi_data": null,
            "usage_operation": "RunInstances",
            "virtualization_type": "hvm"
          },
          "sensitive_attributes": [],
          "identity_schema_version": 0
        }
      ]
    },
    {
      "mode": "data",
      "type": "template_file",
      "name": "n8n_docker_setup",
      "provider": "provider[\"registry.terraform.io/hashicorp/template\"]",
      "instances": [
        {
          "schema_version": 0,
          "attributes": {
            "filename": null,
            "id": "61bb7f64428645cdf8f6e072976b9c6c93a923ff81495f533c9f4e80bbaf06e2",
            "rendered": "#!/bin/bash\nset -e\n\n# --- 1. Official Docker Engine Setup ---\napt update -y\napt install -y ca-certificates curl gnupg git \n\n# --- Determine Codename Safely ---\n# This is a robust way to get the codename (e.g., jammy) in a non-interactive shell.\nDIST_CODENAME=$(lsb_release -cs)\n\n# Add Docker's official GPG key and repo\ninstall -m 0755 -d /etc/apt/keyrings\ncurl -fsSL https://download.docker.com/linux/ubuntu/gpg -o /etc/apt/keyrings/docker.asc\nchmod a+r /etc/apt/keyrings/docker.asc\n\n# Use the pre-calculated variable (DIST_CODENAME) in the APT list.\n# We are no longer using the complex $() expression that caused failures.\necho \"deb [arch=$(dpkg --print-architecture) signed-by=/etc/apt/keyrings/docker.asc] https://download.docker.com/linux/ubuntu ${DIST_CODENAME} stable\" | sudo tee /etc/apt/sources.list.d/docker.list \u003e /dev/null\n\n# Install Docker Engine and Docker Compose Plugin\napt update -y\napt install -y docker-ce docker-ce-cli containerd.io docker-buildx-plugin docker-compose-plugin\n\n# Enable and Start Docker Service\nsystemctl start docker\nsystemctl enable docker\nusermod -aG docker ubuntu\n\n# --- 2. Clone Repository (Using Terraform Variables) ---\nmkdir -p /home/ubuntu/\ncd /home/ubuntu/\n# Variables are now injected by Terraform's templatefile()\ngit clone --branch main https://github.com/jademanta/boost-n8n-tf.git n8n_repo\ncd n8n_repo\n\n# --- 3. Create .env File and Volumes ---\n\n# Create the .env file \ncat \u003e .env \u003c\u003cEOC\nDATA_FOLDER=/home/ubuntu/n8n_data\nSUBDOMAIN=n8nstaged\nDOMAIN_NAME=boocorp.com\nGENERIC_TIMEZONE=America/Denver\nEOC\n\n# Create the required configuration folders and volumes based on DATA_FOLDER\nmkdir -p /home/ubuntu/n8n_data/caddy_config\nmkdir -p /home/ubuntu/n8n_data/local_files\n\n# create docker network\ndocker network create n8n_network\n\n# Docker volumes are external in the docker-compose file, so they must be created first\ndocker volume create caddy_data\ndocker volume create n8n_data\n\n# --- 4. Start n8n using Docker Compose ---\ndocker compose up -d",
            "template": "#!/bin/bash\nset -e\n\n# --- 1. Official Docker Engine Setup ---\napt update -y\napt install -y ca-certificates curl gnupg git \n\n# --- Determine Codename Safely ---\n# This is a robust way to get the codename (e.g., jammy) in a non-interactive shell.\nDIST_CODENAME=$(lsb_release -cs)\n\n# Add Docker's official GPG key and repo\ninstall -m 0755 -d /etc/apt/keyrings\ncurl -fsSL https://download.docker.com/linux/ubuntu/gpg -o /etc/apt/keyrings/docker.asc\nchmod a+r /etc/apt/keyrings/docker.asc\n\n# Use the pre-calculated variable (DIST_CODENAME) in the APT list.\n# We are no longer using the complex $() expression that caused failures.\necho \"deb [arch=$(dpkg --print-architecture) signed-by=/etc/apt/keyrings/docker.asc] https://download.docker.com/linux/ubuntu $${DIST_CODENAME} stable\" | sudo tee /etc/apt/sources.list.d/docker.list \u003e /dev/null\n\n# Install Docker Engine and Docker Compose Plugin\napt update -y\napt install -y docker-ce docker-ce-cli containerd.io docker-buildx-plugin docker-compose-plugin\n\n# Enable and Start Docker Service\nsystemctl start docker\nsystemctl enable docker\nusermod -aG docker ubuntu\n\n# --- 2. Clone Repository (Using Terraform Variables) ---\nmkdir -p /home/ubuntu/\ncd /home/ubuntu/\n# Variables are now injected by Terraform's templatefile()\ngit clone --branch ${repo_branch} ${repo_url} n8n_repo\ncd n8n_repo\n\n# --- 3. Create .env File and Volumes ---\n\n# Create the .env file \ncat \u003e .env \u003c\u003cEOC\nDATA_FOLDER=${data_folder}\nSUBDOMAIN=${subdomain}\nDOMAIN_NAME=${domain_name}\nGENERIC_TIMEZONE=${timezone}\nEOC\n\n# Create the required configuration folders and volumes based on DATA_FOLDER\nmkdir -p ${data_folder}/caddy_config\nmkdir -p ${data_folder}/local_files\n\n# create docker network\ndocker network create ${docker_network}\n\n# Docker volumes are external in the docker-compose file, so they must be created first\ndocker volume create caddy_data\ndocker volume create n8n_data\n\n# --- 4. Start n8n using Docker Compose ---\ndocker compose up -d",
            "vars": {
              "data_folder": "/home/ubuntu/n8n_data",
              "docker_network": "n8n_network",
              "domain_name": "boocorp.com",
              "repo_branch": "main",
              "repo_url": "https://github.com/jademanta/boost-n8n-tf.git",
              "subdomain": "n8nstaged",
              "timezone": "America/Denver"
            }
          },
          "sensitive_attributes": [],
          "identity_schema_version": 0
        }
      ]
    },
    {
      "mode": "managed",
      "type": "aws_eip",
      "name": "n8n_eip",
      "provider": "provider[\"registry.terraform.io/hashicorp/aws\"]",
      "instances": [
        {
          "schema_version": 0,
          "attributes": {
            "address": null,
            "allocation_id": "eipalloc-0cdcbf739562d796e",
            "arn": "arn:aws:ec2:us-west-2:171627987654:elastic-ip/eipalloc-0cdcbf739562d796e",
            "associate_with_private_ip": null,
            "association_id": "",
            "carrier_ip": "",
            "customer_owned_ip": "",
            "customer_owned_ipv4_pool": "",
            "domain": "vpc",
            "id": "eipalloc-0cdcbf739562d796e",
            "instance": "",
            "ipam_pool_id": null,
            "network_border_group": "us-west-2",
            "network_interface": "",
            "private_dns": null,
            "private_ip": "",
            "ptr_record": "",
            "public_dns": "ec2-54-69-103-190.us-west-2.compute.amazonaws.com",
            "public_ip": "54.69.103.190",
            "public_ipv4_pool": "amazon",
            "region": "us-west-2",
            "tags": {
              "Name": "n8n-static-IP"
            },
            "tags_all": {
              "Name": "n8n-static-IP"
            },
            "timeouts": null
          },
          "sensitive_attributes": [],
          "identity_schema_version": 0,
          "private": "eyJlMmJmYjczMC1lY2FhLTExZTYtOGY4OC0zNDM2M2JjN2M0YzAiOnsiZGVsZXRlIjoxODAwMDAwMDAwMDAsInJlYWQiOjkwMDAwMDAwMDAwMCwidXBkYXRlIjozMDAwMDAwMDAwMDB9fQ=="
        }
      ]
    },
    {
      "mode": "managed",
      "type": "aws_eip_association",
      "name": "n8n_eip_assoc",
      "provider": "provider[\"registry.terraform.io/hashicorp/aws\"]",
      "instances": [
        {
          "schema_version": 0,
          "attributes": {
            "allocation_id": "eipalloc-0cdcbf739562d796e",
            "allow_reassociation": null,
            "id": "eipassoc-01e12fa0485bf1008",
            "instance_id": "i-0cd3ed9f6cf220125",
            "network_interface_id": "eni-05e28687fe4629099",
            "private_ip_address": "10.5.160.116",
            "public_ip": "54.69.103.190",
            "region": "us-west-2"
          },
          "sensitive_attributes": [],
          "identity_schema_version": 0,
          "private": "bnVsbA==",
          "dependencies": [
            "aws_eip.n8n_eip",
            "aws_instance.n8n_server",
            "aws_launch_template.n8n_lt",
            "aws_security_group.n8n_sg",
            "data.aws_ami.ubuntu",
            "data.template_file.n8n_docker_setup"
          ]
        }
      ]
    },
    {
      "mode": "managed",
      "type": "aws_instance",
      "name": "n8n_server",
      "provider": "provider[\"registry.terraform.io/hashicorp/aws\"]",
      "instances": [
        {
          "schema_version": 2,
          "attributes": {
            "ami": "ami-03c1f788292172a4e",
            "arn": "arn:aws:ec2:us-west-2:171627987654:instance/i-0cd3ed9f6cf220125",
            "associate_public_ip_address": true,
            "availability_zone": "us-west-2b",
            "capacity_reservation_specification": [
              {
                "capacity_reservation_preference": "open",
                "capacity_reservation_target": []
              }
            ],
            "cpu_options": [
              {
                "amd_sev_snp": "",
                "core_count": 1,
                "threads_per_core": 2
              }
            ],
            "credit_specification": [
              {
                "cpu_credits": "unlimited"
              }
            ],
            "disable_api_stop": false,
            "disable_api_termination": false,
            "ebs_block_device": [],
            "ebs_optimized": false,
            "enable_primary_ipv6": null,
            "enclave_options": [
              {
                "enabled": false
              }
            ],
            "ephemeral_block_device": [],
            "force_destroy": false,
            "get_password_data": false,
            "hibernation": false,
            "host_id": "",
            "host_resource_group_arn": null,
            "iam_instance_profile": "",
            "id": "i-0cd3ed9f6cf220125",
            "instance_initiated_shutdown_behavior": "stop",
            "instance_lifecycle": "",
            "instance_market_options": [],
            "instance_state": "running",
            "instance_type": "t3.medium",
            "ipv6_address_count": 0,
            "ipv6_addresses": [],
            "key_name": "n8n_boost",
            "launch_template": [
              {
                "id": "lt-02fde64cc5ede5dc9",
                "name": "n8n-launch-template20251105200632770900000001",
                "version": "$Latest"
              }
            ],
            "maintenance_options": [
              {
                "auto_recovery": "default"
              }
            ],
            "metadata_options": [
              {
                "http_endpoint": "enabled",
                "http_protocol_ipv6": "disabled",
                "http_put_response_hop_limit": 1,
                "http_tokens": "optional",
                "instance_metadata_tags": "disabled"
              }
            ],
            "monitoring": false,
            "network_interface": [],
            "outpost_arn": "",
            "password_data": "",
            "placement_group": "",
            "placement_group_id": "",
            "placement_partition_number": 0,
            "primary_network_interface": [
              {
                "delete_on_termination": true,
                "network_interface_id": "eni-05e28687fe4629099"
              }
            ],
            "primary_network_interface_id": "eni-05e28687fe4629099",
            "private_dns": "ip-10-5-160-116.us-west-2.compute.internal",
            "private_dns_name_options": [
              {
                "enable_resource_name_dns_a_record": false,
                "enable_resource_name_dns_aaaa_record": false,
                "hostname_type": "ip-name"
              }
            ],
            "private_ip": "10.5.160.116",
            "public_dns": "ec2-35-91-237-163.us-west-2.compute.amazonaws.com",
            "public_ip": "35.91.237.163",
            "region": "us-west-2",
            "root_block_device": [
              {
                "delete_on_termination": true,
                "device_name": "/dev/sda1",
                "encrypted": false,
                "iops": 3000,
                "kms_key_id": "",
                "tags": {},
                "tags_all": {},
                "throughput": 125,
                "volume_id": "vol-0a5e7dcd33040502d",
                "volume_size": 30,
                "volume_type": "gp3"
              }
            ],
            "secondary_private_ips": [],
            "security_groups": [],
            "source_dest_check": true,
            "spot_instance_request_id": "",
            "subnet_id": "subnet-08e4d38ed26372b49",
            "tags": {
              "Name": "n8nstaged-boocorp.com-Server"
            },
            "tags_all": {
              "Name": "n8nstaged-boocorp.com-Server"
            },
            "tenancy": "default",
            "timeouts": null,
            "user_data": "#!/bin/bash\nset -e\n\n# --- 1. Official Docker Engine Setup ---\napt update -y\napt install -y ca-certificates curl gnupg git \n\n# --- Determine Codename Safely ---\n# This is a robust way to get the codename (e.g., jammy) in a non-interactive shell.\nDIST_CODENAME=$(lsb_release -cs)\n\n# Add Docker's official GPG key and repo\ninstall -m 0755 -d /etc/apt/keyrings\ncurl -fsSL https://download.docker.com/linux/ubuntu/gpg -o /etc/apt/keyrings/docker.asc\nchmod a+r /etc/apt/keyrings/docker.asc\n\n# Use the pre-calculated variable (DIST_CODENAME) in the APT list.\n# We are no longer using the complex $() expression that caused failures.\necho \"deb [arch=$(dpkg --print-architecture) signed-by=/etc/apt/keyrings/docker.asc] https://download.docker.com/linux/ubuntu ${DIST_CODENAME} stable\" | sudo tee /etc/apt/sources.list.d/docker.list \u003e /dev/null\n\n# Install Docker Engine and Docker Compose Plugin\napt update -y\napt install -y docker-ce docker-ce-cli containerd.io docker-buildx-plugin docker-compose-plugin\n\n# Enable and Start Docker Service\nsystemctl start docker\nsystemctl enable docker\nusermod -aG docker ubuntu\n\n# --- 2. Clone Repository (Using Terraform Variables) ---\nmkdir -p /home/ubuntu/\ncd /home/ubuntu/\n# Variables are now injected by Terraform's templatefile()\ngit clone --branch main https://github.com/jademanta/boost-n8n-tf.git n8n_repo\ncd n8n_repo\n\n# --- 3. Create .env File and Volumes ---\n\n# Create the .env file \ncat \u003e .env \u003c\u003cEOC\nDATA_FOLDER=/home/ubuntu/n8n_data\nSUBDOMAIN=n8nstaged\nDOMAIN_NAME=boocorp.com\nGENERIC_TIMEZONE=America/Denver\nEOC\n\n# Create the required configuration folders and volumes based on DATA_FOLDER\nmkdir -p /home/ubuntu/n8n_data/caddy_config\nmkdir -p /home/ubuntu/n8n_data/local_files\n\n# create docker network\ndocker network create n8n_network\n\n# Docker volumes are external in the docker-compose file, so they must be created first\ndocker volume create caddy_data\ndocker volume create n8n_data\n\n# --- 4. Start n8n using Docker Compose ---\ndocker compose up -d",
            "user_data_base64": null,
            "user_data_replace_on_change": false,
            "volume_tags": null,
            "vpc_security_group_ids": [
              "sg-08bff82ba0e8068cf"
            ]
          },
          "sensitive_attributes": [],
          "identity_schema_version": 0,
          "identity": {
            "account_id": "171627987654",
            "id": "i-0cd3ed9f6cf220125",
            "region": "us-west-2"
          },
          "private": "eyJlMmJmYjczMC1lY2FhLTExZTYtOGY4OC0zNDM2M2JjN2M0YzAiOnsiY3JlYXRlIjo2MDAwMDAwMDAwMDAsImRlbGV0ZSI6MTIwMDAwMDAwMDAwMCwicmVhZCI6OTAwMDAwMDAwMDAwLCJ1cGRhdGUiOjYwMDAwMDAwMDAwMH0sInNjaGVtYV92ZXJzaW9uIjoiMiJ9",
          "dependencies": [
            "aws_launch_template.n8n_lt",
            "aws_security_group.n8n_sg",
            "data.aws_ami.ubuntu",
            "data.template_file.n8n_docker_setup"
          ]
        }
      ]
    },
    {
      "mode": "managed",
      "type": "aws_launch_template",
      "name": "n8n_lt",
      "provider": "provider[\"registry.terraform.io/hashicorp/aws\"]",
      "instances": [
        {
          "schema_version": 1,
          "attributes": {
            "arn": "arn:aws:ec2:us-west-2:171627987654:launch-template/lt-02fde64cc5ede5dc9",
            "block_device_mappings": [
              {
                "device_name": "/dev/sda1",
                "ebs": [
                  {
                    "delete_on_termination": "true",
                    "encrypted": "",
                    "iops": 0,
                    "kms_key_id": "",
                    "snapshot_id": "",
                    "throughput": 0,
                    "volume_initialization_rate": 0,
                    "volume_size": 30,
                    "volume_type": "gp3"
                  }
                ],
                "no_device": "",
                "virtual_name": ""
              }
            ],
            "capacity_reservation_specification": [],
            "cpu_options": [],
            "credit_specification": [],
            "default_version": 1,
            "description": "",
            "disable_api_stop": false,
            "disable_api_termination": false,
            "ebs_optimized": "",
            "enclave_options": [],
            "hibernation_options": [],
            "iam_instance_profile": [],
            "id": "lt-02fde64cc5ede5dc9",
            "image_id": "ami-03c1f788292172a4e",
            "instance_initiated_shutdown_behavior": "",
            "instance_market_options": [],
            "instance_requirements": [],
            "instance_type": "t3.medium",
            "kernel_id": "",
            "key_name": "n8n_boost",
            "latest_version": 1,
            "license_specification": [],
            "maintenance_options": [],
            "metadata_options": [],
            "monitoring": [],
            "name": "n8n-launch-template20251105200632770900000001",
            "name_prefix": "n8n-launch-template",
            "network_interfaces": [
              {
                "associate_carrier_ip_address": "",
                "associate_public_ip_address": "true",
                "connection_tracking_specification": [],
                "delete_on_termination": "",
                "description": "",
                "device_index": 0,
                "ena_srd_specification": [],
                "interface_type": "",
                "ipv4_address_count": 0,
                "ipv4_addresses": null,
                "ipv4_prefix_count": 0,
                "ipv4_prefixes": null,
                "ipv6_address_count": 0,
                "ipv6_addresses": null,
                "ipv6_prefix_count": 0,
                "ipv6_prefixes": null,
                "network_card_index": 0,
                "network_interface_id": "",
                "primary_ipv6": "",
                "private_ip_address": "",
                "security_groups": [
                  "sg-08bff82ba0e8068cf"
                ],
                "subnet_id": "subnet-08e4d38ed26372b49"
              }
            ],
            "placement": [],
            "private_dns_name_options": [],
            "ram_disk_id": "",
            "region": "us-west-2",
            "security_group_names": null,
            "tag_specifications": [
              {
                "resource_type": "instance",
                "tags": {
                  "Name": "n8nstaged-boocorp.com-Server-LT"
                }
              }
            ],
            "tags": null,
            "tags_all": {},
            "update_default_version": null,
            "user_data": "IyEvYmluL2Jhc2gKc2V0IC1lCgojIC0tLSAxLiBPZmZpY2lhbCBEb2NrZXIgRW5naW5lIFNldHVwIC0tLQphcHQgdXBkYXRlIC15CmFwdCBpbnN0YWxsIC15IGNhLWNlcnRpZmljYXRlcyBjdXJsIGdudXBnIGdpdCAKCiMgLS0tIERldGVybWluZSBDb2RlbmFtZSBTYWZlbHkgLS0tCiMgVGhpcyBpcyBhIHJvYnVzdCB3YXkgdG8gZ2V0IHRoZSBjb2RlbmFtZSAoZS5nLiwgamFtbXkpIGluIGEgbm9uLWludGVyYWN0aXZlIHNoZWxsLgpESVNUX0NPREVOQU1FPSQobHNiX3JlbGVhc2UgLWNzKQoKIyBBZGQgRG9ja2VyJ3Mgb2ZmaWNpYWwgR1BHIGtleSBhbmQgcmVwbwppbnN0YWxsIC1tIDA3NTUgLWQgL2V0Yy9hcHQva2V5cmluZ3MKY3VybCAtZnNTTCBodHRwczovL2Rvd25sb2FkLmRvY2tlci5jb20vbGludXgvdWJ1bnR1L2dwZyAtbyAvZXRjL2FwdC9rZXlyaW5ncy9kb2NrZXIuYXNjCmNobW9kIGErciAvZXRjL2FwdC9rZXlyaW5ncy9kb2NrZXIuYXNjCgojIFVzZSB0aGUgcHJlLWNhbGN1bGF0ZWQgdmFyaWFibGUgKERJU1RfQ09ERU5BTUUpIGluIHRoZSBBUFQgbGlzdC4KIyBXZSBhcmUgbm8gbG9uZ2VyIHVzaW5nIHRoZSBjb21wbGV4ICQoKSBleHByZXNzaW9uIHRoYXQgY2F1c2VkIGZhaWx1cmVzLgplY2hvICJkZWIgW2FyY2g9JChkcGtnIC0tcHJpbnQtYXJjaGl0ZWN0dXJlKSBzaWduZWQtYnk9L2V0Yy9hcHQva2V5cmluZ3MvZG9ja2VyLmFzY10gaHR0cHM6Ly9kb3dubG9hZC5kb2NrZXIuY29tL2xpbnV4L3VidW50dSAke0RJU1RfQ09ERU5BTUV9IHN0YWJsZSIgfCBzdWRvIHRlZSAvZXRjL2FwdC9zb3VyY2VzLmxpc3QuZC9kb2NrZXIubGlzdCA+IC9kZXYvbnVsbAoKIyBJbnN0YWxsIERvY2tlciBFbmdpbmUgYW5kIERvY2tlciBDb21wb3NlIFBsdWdpbgphcHQgdXBkYXRlIC15CmFwdCBpbnN0YWxsIC15IGRvY2tlci1jZSBkb2NrZXItY2UtY2xpIGNvbnRhaW5lcmQuaW8gZG9ja2VyLWJ1aWxkeC1wbHVnaW4gZG9ja2VyLWNvbXBvc2UtcGx1Z2luCgojIEVuYWJsZSBhbmQgU3RhcnQgRG9ja2VyIFNlcnZpY2UKc3lzdGVtY3RsIHN0YXJ0IGRvY2tlcgpzeXN0ZW1jdGwgZW5hYmxlIGRvY2tlcgp1c2VybW9kIC1hRyBkb2NrZXIgdWJ1bnR1CgojIC0tLSAyLiBDbG9uZSBSZXBvc2l0b3J5IChVc2luZyBUZXJyYWZvcm0gVmFyaWFibGVzKSAtLS0KbWtkaXIgLXAgL2hvbWUvdWJ1bnR1LwpjZCAvaG9tZS91YnVudHUvCiMgVmFyaWFibGVzIGFyZSBub3cgaW5qZWN0ZWQgYnkgVGVycmFmb3JtJ3MgdGVtcGxhdGVmaWxlKCkKZ2l0IGNsb25lIC0tYnJhbmNoIG1haW4gaHR0cHM6Ly9naXRodWIuY29tL2phZGVtYW50YS9ib29zdC1uOG4tdGYuZ2l0IG44bl9yZXBvCmNkIG44bl9yZXBvCgojIC0tLSAzLiBDcmVhdGUgLmVudiBGaWxlIGFuZCBWb2x1bWVzIC0tLQoKIyBDcmVhdGUgdGhlIC5lbnYgZmlsZSAKY2F0ID4gLmVudiA8PEVPQwpEQVRBX0ZPTERFUj0vaG9tZS91YnVudHUvbjhuX2RhdGEKU1VCRE9NQUlOPW44bnN0YWdlZApET01BSU5fTkFNRT1ib29jb3JwLmNvbQpHRU5FUklDX1RJTUVaT05FPUFtZXJpY2EvRGVudmVyCkVPQwoKIyBDcmVhdGUgdGhlIHJlcXVpcmVkIGNvbmZpZ3VyYXRpb24gZm9sZGVycyBhbmQgdm9sdW1lcyBiYXNlZCBvbiBEQVRBX0ZPTERFUgpta2RpciAtcCAvaG9tZS91YnVudHUvbjhuX2RhdGEvY2FkZHlfY29uZmlnCm1rZGlyIC1wIC9ob21lL3VidW50dS9uOG5fZGF0YS9sb2NhbF9maWxlcwoKIyBjcmVhdGUgZG9ja2VyIG5ldHdvcmsKZG9ja2VyIG5ldHdvcmsgY3JlYXRlIG44bl9uZXR3b3JrCgojIERvY2tlciB2b2x1bWVzIGFyZSBleHRlcm5hbCBpbiB0aGUgZG9ja2VyLWNvbXBvc2UgZmlsZSwgc28gdGhleSBtdXN0IGJlIGNyZWF0ZWQgZmlyc3QKZG9ja2VyIHZvbHVtZSBjcmVhdGUgY2FkZHlfZGF0YQpkb2NrZXIgdm9sdW1lIGNyZWF0ZSBuOG5fZGF0YQoKIyAtLS0gNC4gU3RhcnQgbjhuIHVzaW5nIERvY2tlciBDb21wb3NlIC0tLQpkb2NrZXIgY29tcG9zZSB1cCAtZA==",
            "vpc_security_group_ids": null
          },
          "sensitive_attributes": [],
          "identity_schema_version": 0,
          "private": "eyJzY2hlbWFfdmVyc2lvbiI6IjEifQ==",
          "dependencies": [
            "aws_security_group.n8n_sg",
            "data.aws_ami.ubuntu",
            "data.template_file.n8n_docker_setup"
          ]
        }
      ]
    },
    {
      "mode": "managed",
      "type": "aws_security_group",
      "name": "n8n_sg",
      "provider": "provider[\"registry.terraform.io/hashicorp/aws\"]",
      "instances": [
        {
          "schema_version": 1,
          "attributes": {
            "arn": "arn:aws:ec2:us-west-2:171627987654:security-group/sg-08bff82ba0e8068cf",
            "description": "Allow HTTP, HTTPS, and SSH traffic",
            "egress": [
              {
                "cidr_blocks": [
                  "0.0.0.0/0"
                ],
                "description": "",
                "from_port": 0,
                "ipv6_cidr_blocks": [],
                "prefix_list_ids": [],
                "protocol": "-1",
                "security_groups": [],
                "self": false,
                "to_port": 0
              }
            ],
            "id": "sg-08bff82ba0e8068cf",
            "ingress": [
              {
                "cidr_blocks": [
                  "0.0.0.0/0"
                ],
                "description": "Allow HTTP for Caddy/n8n access",
                "from_port": 80,
                "ipv6_cidr_blocks": [],
                "prefix_list_ids": [],
                "protocol": "tcp",
                "security_groups": [],
                "self": false,
                "to_port": 80
              },
              {
                "cidr_blocks": [
                  "0.0.0.0/0"
                ],
                "description": "Allow HTTPS for Caddy/n8n access",
                "from_port": 443,
                "ipv6_cidr_blocks": [],
                "prefix_list_ids": [],
                "protocol": "tcp",
                "security_groups": [],
                "self": false,
                "to_port": 443
              },
              {
                "cidr_blocks": [
                  "10.10.0.0/22"
                ],
                "description": "Allow SSH from corp lan",
                "from_port": 22,
                "ipv6_cidr_blocks": [],
                "prefix_list_ids": [],
                "protocol": "tcp",
                "security_groups": [],
                "self": false,
                "to_port": 22
              },
              {
                "cidr_blocks": [
                  "205.197.213.195/32"
                ],
                "description": "Allow SSH from ssl vpn",
                "from_port": 22,
                "ipv6_cidr_blocks": [],
                "prefix_list_ids": [],
                "protocol": "tcp",
                "security_groups": [],
                "self": false,
                "to_port": 22
              },
              {
                "cidr_blocks": [
                  "67.199.173.110/32"
                ],
                "description": "Allow SSH from Jade home lan",
                "from_port": 22,
                "ipv6_cidr_blocks": [],
                "prefix_list_ids": [],
                "protocol": "tcp",
                "security_groups": [],
                "self": false,
                "to_port": 22
              }
            ],
            "name": "n8n-caddy-access-sg",
            "name_prefix": "",
            "owner_id": "171627987654",
            "region": "us-west-2",
            "revoke_rules_on_delete": false,
            "tags": {
              "Name": "n8n-Caddy-SG"
            },
            "tags_all": {
              "Name": "n8n-Caddy-SG"
            },
            "timeouts": null,
            "vpc_id": "vpc-18b6427c"
          },
          "sensitive_attributes": [],
          "identity_schema_version": 0,
          "identity": {
            "account_id": "171627987654",
            "id": "sg-08bff82ba0e8068cf",
            "region": "us-west-2"
          },
          "private": "eyJlMmJmYjczMC1lY2FhLTExZTYtOGY4OC0zNDM2M2JjN2M0YzAiOnsiY3JlYXRlIjo2MDAwMDAwMDAwMDAsImRlbGV0ZSI6OTAwMDAwMDAwMDAwfSwic2NoZW1hX3ZlcnNpb24iOiIxIn0="
        }
      ]
    }
  ],
  "check_results": null
}
